{
  "version": 4,
  "terraform_version": "1.5.6",
  "serial": 18,
  "lineage": "5e140a7c-ed58-7900-dc43-7174c343e452",
  "outputs": {},
  "resources": [
    {
      "mode": "managed",
      "type": "helm_release",
      "name": "gatway",
      "provider": "provider[\"registry.terraform.io/hashicorp/helm\"]",
      "instances": [
        {
          "status": "tainted",
          "schema_version": 1,
          "attributes": {
            "atomic": false,
            "chart": "uplink-gateway-service-pipeline",
            "cleanup_on_fail": false,
            "create_namespace": false,
            "dependency_update": false,
            "description": null,
            "devel": null,
            "disable_crd_hooks": false,
            "disable_openapi_validation": false,
            "disable_webhooks": false,
            "force_update": false,
            "id": "argo-cd",
            "keyring": null,
            "lint": false,
            "manifest": null,
            "max_history": 0,
            "metadata": [
              {
                "app_version": "1.16.0",
                "chart": "uplink-gateway-service-pipeline",
                "name": "argo-cd",
                "namespace": "gateway-testing",
                "revision": 1,
                "values": "{\"env\":{\"CHIRPSTACK_MQTT_HOST\":\"localhost\",\"CHIRPSTACK_MQTT_PORT\":1883,\"THINGSBOARD_MQTT_USERNAME\":\"dllm\"}}",
                "version": "0.1.0"
              }
            ],
            "name": "argo-cd",
            "namespace": "gateway-testing",
            "pass_credentials": false,
            "postrender": [],
            "recreate_pods": false,
            "render_subchart_notes": true,
            "replace": false,
            "repository": "https://williamlun.github.io/my_helm_repo",
            "repository_ca_file": null,
            "repository_cert_file": null,
            "repository_key_file": null,
            "repository_password": null,
            "repository_username": null,
            "reset_values": false,
            "reuse_values": false,
            "set": [
              {
                "name": "env.CHIRPSTACK_MQTT_HOST",
                "type": "",
                "value": "localhost"
              },
              {
                "name": "env.CHIRPSTACK_MQTT_PORT",
                "type": "",
                "value": "1883"
              },
              {
                "name": "env.THINGSBOARD_MQTT_USERNAME",
                "type": "",
                "value": "dllm"
              }
            ],
            "set_list": [],
            "set_sensitive": [],
            "skip_crds": false,
            "status": "failed",
            "timeout": 300,
            "values": null,
            "verify": false,
            "version": "0.1.0",
            "wait": true,
            "wait_for_jobs": false
          },
          "sensitive_attributes": [],
          "private": "eyJzY2hlbWFfdmVyc2lvbiI6IjEifQ=="
        }
      ]
    },
    {
      "mode": "managed",
      "type": "kubernetes_namespace",
      "name": "gatway",
      "provider": "provider[\"registry.terraform.io/hashicorp/kubernetes\"]",
      "instances": [
        {
          "schema_version": 0,
          "attributes": {
            "id": "gateway-testing",
            "metadata": [
              {
                "annotations": {},
                "generate_name": "",
                "generation": 0,
                "labels": {},
                "name": "gateway-testing",
                "resource_version": "1675995",
                "uid": "20cf1893-ffe8-4d9d-80e5-7680a40efa7d"
              }
            ],
            "timeouts": null,
            "wait_for_default_service_account": false
          },
          "sensitive_attributes": [],
          "private": "eyJlMmJmYjczMC1lY2FhLTExZTYtOGY4OC0zNDM2M2JjN2M0YzAiOnsiZGVsZXRlIjozMDAwMDAwMDAwMDB9fQ=="
        }
      ]
    }
  ],
  "check_results": null
}
